
Microsoft Visual Studio Solution File, Format Version 12.00
# Visual Studio Version 16
VisualStudioVersion = 16.0.31112.23
MinimumVisualStudioVersion = 10.0.40219.1
Project("{FAE04EC0-301F-11D3-BF4B-00C04F79EFBC}") = "WebGentleBookStore", "WebGentleBookStore\WebGentleBookStore.csproj", "{03FE8175-4D7B-4FC5-B1A6-C6FD8EC59240}"
EndProject
Global
	GlobalSection(SolutionConfigurationPlatforms) = preSolution
		Debug|Any CPU = Debug|Any CPU
		Release|Any CPU = Release|Any CPU
	EndGlobalSection
	GlobalSection(ProjectConfigurationPlatforms) = postSolution
		{03FE8175-4D7B-4FC5-B1A6-C6FD8EC59240}.Debug|Any CPU.ActiveCfg = Debug|Any CPU
		{03FE8175-4D7B-4FC5-B1A6-C6FD8EC59240}.Debug|Any CPU.Build.0 = Debug|Any CPU
		{03FE8175-4D7B-4FC5-B1A6-C6FD8EC59240}.Release|Any CPU.ActiveCfg = Release|Any CPU
		{03FE8175-4D7B-4FC5-B1A6-C6FD8EC59240}.Release|Any CPU.Build.0 = Release|Any CPU
	EndGlobalSection
	GlobalSection(SolutionProperties) = preSolution
		HideSolutionNode = FALSE
	EndGlobalSection
	GlobalSection(ExtensibilityGlobals) = postSolution
		SolutionGuid = {34527AC6-3A27-4E73-9BC3-2B0C362AC7DA}
	EndGlobalSection
EndGlobal
